
Microsoft Visual Studio Solution File, Format Version 12.00
# Visual Studio Version 17
VisualStudioVersion = 17.10.34928.147
MinimumVisualStudioVersion = 10.0.40219.1
Project("{FAE04EC0-301F-11D3-BF4B-00C04F79EFBC}") = "KlingerOmsGui", "KlingerOmsGui\KlingerOmsGui.csproj", "{C39AFB3D-8758-402B-A697-C6F694DD9FD1}"
EndProject
Global
	GlobalSection(SolutionConfigurationPlatforms) = preSolution
		Debug|Any CPU = Debug|Any CPU
		Release|Any CPU = Release|Any CPU
	EndGlobalSection
	GlobalSection(ProjectConfigurationPlatforms) = postSolution
		{C39AFB3D-8758-402B-A697-C6F694DD9FD1}.Debug|Any CPU.ActiveCfg = Debug|Any CPU
		{C39AFB3D-8758-402B-A697-C6F694DD9FD1}.Debug|Any CPU.Build.0 = Debug|Any CPU
		{C39AFB3D-8758-402B-A697-C6F694DD9FD1}.Release|Any CPU.ActiveCfg = Release|Any CPU
		{C39AFB3D-8758-402B-A697-C6F694DD9FD1}.Release|Any CPU.Build.0 = Release|Any CPU
	EndGlobalSection
	GlobalSection(SolutionProperties) = preSolution
		HideSolutionNode = FALSE
	EndGlobalSection
	GlobalSection(ExtensibilityGlobals) = postSolution
		SolutionGuid = {381F4F3C-137F-4956-A981-0725F1C92B3A}
	EndGlobalSection
EndGlobal
